
Microsoft Visual Studio Solution File, Format Version 12.00
# Visual Studio 15
VisualStudioVersion = 15.0.28010.2048
MinimumVisualStudioVersion = 10.0.40219.1
Project("{FAE04EC0-301F-11D3-BF4B-00C04F79EFBC}") = "Chain of inheritance from three classes", "Chain of inheritance from three classes\Chain of inheritance from three classes.csproj", "{ECECC135-4D14-42E6-B3E3-25F3CAD7FE27}"
EndProject
Global
	GlobalSection(SolutionConfigurationPlatforms) = preSolution
		Debug|Any CPU = Debug|Any CPU
		Release|Any CPU = Release|Any CPU
	EndGlobalSection
	GlobalSection(ProjectConfigurationPlatforms) = postSolution
		{ECECC135-4D14-42E6-B3E3-25F3CAD7FE27}.Debug|Any CPU.ActiveCfg = Debug|Any CPU
		{ECECC135-4D14-42E6-B3E3-25F3CAD7FE27}.Debug|Any CPU.Build.0 = Debug|Any CPU
		{ECECC135-4D14-42E6-B3E3-25F3CAD7FE27}.Release|Any CPU.ActiveCfg = Release|Any CPU
		{ECECC135-4D14-42E6-B3E3-25F3CAD7FE27}.Release|Any CPU.Build.0 = Release|Any CPU
	EndGlobalSection
	GlobalSection(SolutionProperties) = preSolution
		HideSolutionNode = FALSE
	EndGlobalSection
	GlobalSection(ExtensibilityGlobals) = postSolution
		SolutionGuid = {8D9F06D0-C482-4F40-A8C3-F975A9E98350}
	EndGlobalSection
EndGlobal
